
Microsoft Visual Studio Solution File, Format Version 12.00
# Visual Studio Version 17
VisualStudioVersion = 17.2.32630.192
MinimumVisualStudioVersion = 10.0.40219.1
Project("{9A19103F-16F7-4668-BE54-9A1E7A4F7556}") = "PU_Test", "PU_Test\PU_Test.csproj", "{AC83E016-BCCC-40A7-899C-E44D078BC00B}"
EndProject
Project("{8BC9CEB8-8B4A-11D0-8D11-00A0C91BC942}") = "MetadataConverterLib", "MetadataConverterLib\MetadataConverterLib.vcxproj", "{4219D554-550D-482E-B943-5E6AA999B040}"
EndProject
Global
	GlobalSection(SolutionConfigurationPlatforms) = preSolution
		Debug|Any CPU = Debug|Any CPU
		Debug|x64 = Debug|x64
		Debug|x86 = Debug|x86
		Release|Any CPU = Release|Any CPU
		Release|x64 = Release|x64
		Release|x86 = Release|x86
	EndGlobalSection
	GlobalSection(ProjectConfigurationPlatforms) = postSolution
		{AC83E016-BCCC-40A7-899C-E44D078BC00B}.Debug|Any CPU.ActiveCfg = Debug|Any CPU
		{AC83E016-BCCC-40A7-899C-E44D078BC00B}.Debug|Any CPU.Build.0 = Debug|Any CPU
		{AC83E016-BCCC-40A7-899C-E44D078BC00B}.Debug|x64.ActiveCfg = Debug|Any CPU
		{AC83E016-BCCC-40A7-899C-E44D078BC00B}.Debug|x64.Build.0 = Debug|Any CPU
		{AC83E016-BCCC-40A7-899C-E44D078BC00B}.Debug|x86.ActiveCfg = Debug|Any CPU
		{AC83E016-BCCC-40A7-899C-E44D078BC00B}.Debug|x86.Build.0 = Debug|Any CPU
		{AC83E016-BCCC-40A7-899C-E44D078BC00B}.Release|Any CPU.ActiveCfg = Release|Any CPU
		{AC83E016-BCCC-40A7-899C-E44D078BC00B}.Release|Any CPU.Build.0 = Release|Any CPU
		{AC83E016-BCCC-40A7-899C-E44D078BC00B}.Release|x64.ActiveCfg = Release|Any CPU
		{AC83E016-BCCC-40A7-899C-E44D078BC00B}.Release|x64.Build.0 = Release|Any CPU
		{AC83E016-BCCC-40A7-899C-E44D078BC00B}.Release|x86.ActiveCfg = Release|Any CPU
		{AC83E016-BCCC-40A7-899C-E44D078BC00B}.Release|x86.Build.0 = Release|Any CPU
		{4219D554-550D-482E-B943-5E6AA999B040}.Debug|Any CPU.ActiveCfg = Debug|x64
		{4219D554-550D-482E-B943-5E6AA999B040}.Debug|Any CPU.Build.0 = Debug|x64
		{4219D554-550D-482E-B943-5E6AA999B040}.Debug|x64.ActiveCfg = Debug|x64
		{4219D554-550D-482E-B943-5E6AA999B040}.Debug|x64.Build.0 = Debug|x64
		{4219D554-550D-482E-B943-5E6AA999B040}.Debug|x86.ActiveCfg = Debug|Win32
		{4219D554-550D-482E-B943-5E6AA999B040}.Debug|x86.Build.0 = Debug|Win32
		{4219D554-550D-482E-B943-5E6AA999B040}.Release|Any CPU.ActiveCfg = Release|x64
		{4219D554-550D-482E-B943-5E6AA999B040}.Release|Any CPU.Build.0 = Release|x64
		{4219D554-550D-482E-B943-5E6AA999B040}.Release|x64.ActiveCfg = Release|x64
		{4219D554-550D-482E-B943-5E6AA999B040}.Release|x64.Build.0 = Release|x64
		{4219D554-550D-482E-B943-5E6AA999B040}.Release|x86.ActiveCfg = Release|Win32
		{4219D554-550D-482E-B943-5E6AA999B040}.Release|x86.Build.0 = Release|Win32
	EndGlobalSection
	GlobalSection(SolutionProperties) = preSolution
		HideSolutionNode = FALSE
	EndGlobalSection
	GlobalSection(ExtensibilityGlobals) = postSolution
		SolutionGuid = {BC40468D-5014-4F07-A64E-D3A1C1C002C7}
	EndGlobalSection
EndGlobal
